
Microsoft Visual Studio Solution File, Format Version 12.00
# Visual Studio 14
VisualStudioVersion = 14.0.25420.1
MinimumVisualStudioVersion = 10.0.40219.1
Project("{FAE04EC0-301F-11D3-BF4B-00C04F79EFBC}") = "PostgreSQL", "PostgreSQL\PostgreSQL.csproj", "{62571682-3C37-4A4F-9405-DA5B33DA8563}"
EndProject
Project("{2150E333-8FDC-42A3-9474-1A3956D46DE8}") = "Solution Items", "Solution Items", "{D3DBA312-AE8C-4718-902B-6BACAE9FB47A}"
EndProject
Global
	GlobalSection(SolutionConfigurationPlatforms) = preSolution
		Debug|Any CPU = Debug|Any CPU
		Release|Any CPU = Release|Any CPU
	EndGlobalSection
	GlobalSection(ProjectConfigurationPlatforms) = postSolution
		{62571682-3C37-4A4F-9405-DA5B33DA8563}.Debug|Any CPU.ActiveCfg = Debug|Any CPU
		{62571682-3C37-4A4F-9405-DA5B33DA8563}.Debug|Any CPU.Build.0 = Debug|Any CPU
		{62571682-3C37-4A4F-9405-DA5B33DA8563}.Release|Any CPU.ActiveCfg = Release|Any CPU
		{62571682-3C37-4A4F-9405-DA5B33DA8563}.Release|Any CPU.Build.0 = Release|Any CPU
	EndGlobalSection
	GlobalSection(SolutionProperties) = preSolution
		HideSolutionNode = FALSE
	EndGlobalSection
EndGlobal
